
Microsoft Visual Studio Solution File, Format Version 12.00
# Visual Studio Version 17
VisualStudioVersion = 17.13.35913.81 d17.13
MinimumVisualStudioVersion = 10.0.40219.1
Project("{FAE04EC0-301F-11D3-BF4B-00C04F79EFBC}") = "RecursionHW", "RecursionHW\RecursionHW.csproj", "{3DB058AF-5A44-41E7-8E63-8B116595DABF}"
EndProject
Global
	GlobalSection(SolutionConfigurationPlatforms) = preSolution
		Debug|Any CPU = Debug|Any CPU
		Release|Any CPU = Release|Any CPU
	EndGlobalSection
	GlobalSection(ProjectConfigurationPlatforms) = postSolution
		{3DB058AF-5A44-41E7-8E63-8B116595DABF}.Debug|Any CPU.ActiveCfg = Debug|Any CPU
		{3DB058AF-5A44-41E7-8E63-8B116595DABF}.Debug|Any CPU.Build.0 = Debug|Any CPU
		{3DB058AF-5A44-41E7-8E63-8B116595DABF}.Release|Any CPU.ActiveCfg = Release|Any CPU
		{3DB058AF-5A44-41E7-8E63-8B116595DABF}.Release|Any CPU.Build.0 = Release|Any CPU
	EndGlobalSection
	GlobalSection(SolutionProperties) = preSolution
		HideSolutionNode = FALSE
	EndGlobalSection
	GlobalSection(ExtensibilityGlobals) = postSolution
		SolutionGuid = {1ED69339-F66D-4011-9B5B-345034C0A60E}
	EndGlobalSection
EndGlobal
